
Microsoft Visual Studio Solution File, Format Version 12.00
# Visual Studio Version 17
VisualStudioVersion = 17.7.34031.279
MinimumVisualStudioVersion = 10.0.40219.1
Project("{2150E333-8FDC-42A3-9474-1A3956D46DE8}") = "Collections_Homework_2", "Collections_Homework_2", "{E7219A8A-37DA-47DF-860E-BF75EE759BFB}"
EndProject
Project("{FAE04EC0-301F-11D3-BF4B-00C04F79EFBC}") = "Koleksiyonlar-Soru-1", "Koleksiyonlar-Soru-1\Koleksiyonlar-Soru-1.csproj", "{803C374E-75A7-4A9B-AEFE-F6E295B7C813}"
EndProject
Global
	GlobalSection(SolutionConfigurationPlatforms) = preSolution
		Debug|Any CPU = Debug|Any CPU
		Release|Any CPU = Release|Any CPU
	EndGlobalSection
	GlobalSection(ProjectConfigurationPlatforms) = postSolution
		{803C374E-75A7-4A9B-AEFE-F6E295B7C813}.Debug|Any CPU.ActiveCfg = Debug|Any CPU
		{803C374E-75A7-4A9B-AEFE-F6E295B7C813}.Debug|Any CPU.Build.0 = Debug|Any CPU
		{803C374E-75A7-4A9B-AEFE-F6E295B7C813}.Release|Any CPU.ActiveCfg = Release|Any CPU
		{803C374E-75A7-4A9B-AEFE-F6E295B7C813}.Release|Any CPU.Build.0 = Release|Any CPU
	EndGlobalSection
	GlobalSection(SolutionProperties) = preSolution
		HideSolutionNode = FALSE
	EndGlobalSection
	GlobalSection(NestedProjects) = preSolution
		{803C374E-75A7-4A9B-AEFE-F6E295B7C813} = {E7219A8A-37DA-47DF-860E-BF75EE759BFB}
	EndGlobalSection
	GlobalSection(ExtensibilityGlobals) = postSolution
		SolutionGuid = {182FC083-96EC-41FB-955E-36994EB91726}
	EndGlobalSection
EndGlobal
